
Microsoft Visual Studio Solution File, Format Version 12.00
# Visual Studio 15
VisualStudioVersion = 15.0.28307.1062
MinimumVisualStudioVersion = 10.0.40219.1
Project("{FAE04EC0-301F-11D3-BF4B-00C04F79EFBC}") = "TcpClient", "TcpClient\TcpClient.csproj", "{2342DBFF-64D4-4B5B-9FBC-696898BCDE3C}"
EndProject
Project("{FAE04EC0-301F-11D3-BF4B-00C04F79EFBC}") = "TCPServer", "TCPServer\TCPServer.csproj", "{36021F7E-8F61-4978-A38A-3D99D0DB63FE}"
EndProject
Global
	GlobalSection(SolutionConfigurationPlatforms) = preSolution
		Debug|Any CPU = Debug|Any CPU
		Release|Any CPU = Release|Any CPU
	EndGlobalSection
	GlobalSection(ProjectConfigurationPlatforms) = postSolution
		{2342DBFF-64D4-4B5B-9FBC-696898BCDE3C}.Debug|Any CPU.ActiveCfg = Debug|Any CPU
		{2342DBFF-64D4-4B5B-9FBC-696898BCDE3C}.Debug|Any CPU.Build.0 = Debug|Any CPU
		{2342DBFF-64D4-4B5B-9FBC-696898BCDE3C}.Release|Any CPU.ActiveCfg = Release|Any CPU
		{2342DBFF-64D4-4B5B-9FBC-696898BCDE3C}.Release|Any CPU.Build.0 = Release|Any CPU
		{36021F7E-8F61-4978-A38A-3D99D0DB63FE}.Debug|Any CPU.ActiveCfg = Debug|Any CPU
		{36021F7E-8F61-4978-A38A-3D99D0DB63FE}.Debug|Any CPU.Build.0 = Debug|Any CPU
		{36021F7E-8F61-4978-A38A-3D99D0DB63FE}.Release|Any CPU.ActiveCfg = Release|Any CPU
		{36021F7E-8F61-4978-A38A-3D99D0DB63FE}.Release|Any CPU.Build.0 = Release|Any CPU
	EndGlobalSection
	GlobalSection(SolutionProperties) = preSolution
		HideSolutionNode = FALSE
	EndGlobalSection
	GlobalSection(ExtensibilityGlobals) = postSolution
		SolutionGuid = {8416DD7A-FE6E-4069-A1EC-AA35BAFA17C1}
	EndGlobalSection
EndGlobal
